
Microsoft Visual Studio Solution File, Format Version 12.00
# Visual Studio Version 17
VisualStudioVersion = 17.4.33103.184
MinimumVisualStudioVersion = 10.0.40219.1
Project("{FAE04EC0-301F-11D3-BF4B-00C04F79EFBC}") = "WPF-Reserve-Hotel-Booking", "WPF-Reserve-Hotel-Booking\WPF-Reserve-Hotel-Booking.csproj", "{B36243DF-0CE5-475F-9445-69672AB3CD6B}"
EndProject
Global
	GlobalSection(SolutionConfigurationPlatforms) = preSolution
		Debug|Any CPU = Debug|Any CPU
		Release|Any CPU = Release|Any CPU
	EndGlobalSection
	GlobalSection(ProjectConfigurationPlatforms) = postSolution
		{B36243DF-0CE5-475F-9445-69672AB3CD6B}.Debug|Any CPU.ActiveCfg = Debug|Any CPU
		{B36243DF-0CE5-475F-9445-69672AB3CD6B}.Debug|Any CPU.Build.0 = Debug|Any CPU
		{B36243DF-0CE5-475F-9445-69672AB3CD6B}.Release|Any CPU.ActiveCfg = Release|Any CPU
		{B36243DF-0CE5-475F-9445-69672AB3CD6B}.Release|Any CPU.Build.0 = Release|Any CPU
	EndGlobalSection
	GlobalSection(SolutionProperties) = preSolution
		HideSolutionNode = FALSE
	EndGlobalSection
	GlobalSection(ExtensibilityGlobals) = postSolution
		SolutionGuid = {59AEB366-A1E0-4AF1-853A-3523DEFFE39B}
	EndGlobalSection
EndGlobal
